
Microsoft Visual Studio Solution File, Format Version 12.00
# Visual Studio Version 17
VisualStudioVersion = 17.9.34622.214
MinimumVisualStudioVersion = 10.0.40219.1
Project("{9A19103F-16F7-4668-BE54-9A1E7A4F7556}") = "UMS_WEBAPI_NEW", "UMS_WEBAPI_NEW\UMS_WEBAPI_NEW.csproj", "{4971968A-85BB-4EA6-800B-0D39D9D88790}"
EndProject
Project("{9A19103F-16F7-4668-BE54-9A1E7A4F7556}") = "UMS_DAL", "UMS_DAL\UMS_DAL.csproj", "{C49506DD-1DDE-4D4A-92B5-89F2F3184728}"
EndProject
Project("{9A19103F-16F7-4668-BE54-9A1E7A4F7556}") = "UMS_BLL", "UMS_BLL\UMS_BLL.csproj", "{9633B9B0-3D00-464E-9FE1-9D1302946CEB}"
EndProject
Global
	GlobalSection(SolutionConfigurationPlatforms) = preSolution
		Debug|Any CPU = Debug|Any CPU
		Release|Any CPU = Release|Any CPU
	EndGlobalSection
	GlobalSection(ProjectConfigurationPlatforms) = postSolution
		{4971968A-85BB-4EA6-800B-0D39D9D88790}.Debug|Any CPU.ActiveCfg = Debug|Any CPU
		{4971968A-85BB-4EA6-800B-0D39D9D88790}.Debug|Any CPU.Build.0 = Debug|Any CPU
		{4971968A-85BB-4EA6-800B-0D39D9D88790}.Release|Any CPU.ActiveCfg = Release|Any CPU
		{4971968A-85BB-4EA6-800B-0D39D9D88790}.Release|Any CPU.Build.0 = Release|Any CPU
		{C49506DD-1DDE-4D4A-92B5-89F2F3184728}.Debug|Any CPU.ActiveCfg = Debug|Any CPU
		{C49506DD-1DDE-4D4A-92B5-89F2F3184728}.Debug|Any CPU.Build.0 = Debug|Any CPU
		{C49506DD-1DDE-4D4A-92B5-89F2F3184728}.Release|Any CPU.ActiveCfg = Release|Any CPU
		{C49506DD-1DDE-4D4A-92B5-89F2F3184728}.Release|Any CPU.Build.0 = Release|Any CPU
		{9633B9B0-3D00-464E-9FE1-9D1302946CEB}.Debug|Any CPU.ActiveCfg = Debug|Any CPU
		{9633B9B0-3D00-464E-9FE1-9D1302946CEB}.Debug|Any CPU.Build.0 = Debug|Any CPU
		{9633B9B0-3D00-464E-9FE1-9D1302946CEB}.Release|Any CPU.ActiveCfg = Release|Any CPU
		{9633B9B0-3D00-464E-9FE1-9D1302946CEB}.Release|Any CPU.Build.0 = Release|Any CPU
	EndGlobalSection
	GlobalSection(SolutionProperties) = preSolution
		HideSolutionNode = FALSE
	EndGlobalSection
	GlobalSection(ExtensibilityGlobals) = postSolution
		SolutionGuid = {52E2908F-D431-4BF8-A455-0DCB81DD4A68}
	EndGlobalSection
EndGlobal
